
Microsoft Visual Studio Solution File, Format Version 10.00
# Visual Studio 2008
Project("{8BC9CEB8-8B4A-11D0-8D11-00A0C91BC942}") = "01.2.3  算法设计 例1.2 最大公约数", "01.2.3  算法设计 例1.2 最大公约数\01.2.3  算法设计 例1.2 最大公约数.vcproj", "{E35D2DBC-03FB-4908-9764-A9C3295A0135}"
EndProject
Project("{8BC9CEB8-8B4A-11D0-8D11-00A0C91BC942}") = "01.2.2  算法分析 例1.1 算法时间复杂度分析", "01.2.2  算法分析 例1.1 算法时间复杂度分析\01.2.2  算法分析 例1.1 算法时间复杂度分析.vcproj", "{55F30BA7-452B-4D13-AA64-ECA35E560061}"
EndProject
Project("{8BC9CEB8-8B4A-11D0-8D11-00A0C91BC942}") = "01.2.3 例1.3 随机数序列", "01.2.3 例1.3 随机数序列\01.2.3 例1.3 随机数序列.vcproj", "{10713FDD-4824-43C1-9EAB-A9ED6264834C}"
EndProject
Project("{8BC9CEB8-8B4A-11D0-8D11-00A0C91BC942}") = "02.4  多项式的表示及运算", "02.4 多项式的表示及运算\02.4 多项式的表示及运算.vcproj", "{43A60080-DCA1-49B9-9D7A-EE73DE01F3E1}"
EndProject
Project("{8BC9CEB8-8B4A-11D0-8D11-00A0C91BC942}") = "02.3.2  单链表 例2.3 连接", "02.3.2  单链表 例2.3 连接\02.3.2  单链表 例2.3 连接.vcproj", "{7C0C828C-7F4E-4C79-AA80-9148C52D3BF6}"
EndProject
Project("{8BC9CEB8-8B4A-11D0-8D11-00A0C91BC942}") = "03.3  串的模式匹配", "03.3  串的模式匹配\03.3  串的模式匹配.vcproj", "{22BCA7ED-6693-4D74-A3F0-1178FBCBC8D2}"
EndProject
Project("{8BC9CEB8-8B4A-11D0-8D11-00A0C91BC942}") = "04.1  栈 例4.1 括号匹配", "04.1  栈  例4.1 括号匹配\04.1  栈  例4.1 括号匹配.vcproj", "{A7E94A0A-D96A-48B4-97D1-66EA2E8A981F}"
EndProject
Project("{8BC9CEB8-8B4A-11D0-8D11-00A0C91BC942}") = "04.1  栈 例4.2 计算表达式值", "04.1  栈 例4.2 计算表达式值\04.1  栈 例4.2 计算表达式值.vcproj", "{D294070C-DAE9-483B-9207-AB4354BB9847}"
EndProject
Project("{8BC9CEB8-8B4A-11D0-8D11-00A0C91BC942}") = "04.2  队列 例4.3 素数环", "04.2  队列 例4.3 素数环\04.2  队列 例4.3 素数环.vcproj", "{0B8244BC-35E4-4CCD-8E46-4DEB21F3E4BD}"
EndProject
Project("{8BC9CEB8-8B4A-11D0-8D11-00A0C91BC942}") = "04.3  优先队列 例4.4 进程按优先级调度管理", "04.3 优先队列 例4.4 进程按优先级调度管理\04.3 优先队列 例4.4 进程按优先级调度管理.vcproj", "{0F86290E-2AB6-4E5C-8F8D-2868D00CC81D}"
EndProject
Project("{8BC9CEB8-8B4A-11D0-8D11-00A0C91BC942}") = "04.4  递归 例4.5 Fibonacci数列", "04.4  递归 例4.5 Fibonacci数列\04.4  递归 例4.5 Fibonacci数列.vcproj", "{9942CA59-68B3-4A30-A11A-692B234FBD75}"
EndProject
Project("{8BC9CEB8-8B4A-11D0-8D11-00A0C91BC942}") = "04.4 递归 例4.6 计算表达式", "04.4 递归 例4.6 计算表达式\04.4 递归 例4.6 计算表达式.vcproj", "{04481914-BB5B-4E43-8A72-9F690BCE5C7C}"
EndProject
Project("{8BC9CEB8-8B4A-11D0-8D11-00A0C91BC942}") = "05.1.2  多维数组 例5.1 矩阵类", "05.1.2  多维数组 例5.1 矩阵类\05.1.2  多维数组 例5.1 矩阵类.vcproj", "{BDDEA5E7-2E4C-4758-93D6-EF52CCDC99E7}"
EndProject
Project("{8BC9CEB8-8B4A-11D0-8D11-00A0C91BC942}") = "02.2.2  例2.1 Josephus环", "02.2.2  例2.1 Josephus环\02.2.2  例2.1 Josephus环.vcproj", "{4E6F9E32-6678-4E11-B073-900F83C42E69}"
EndProject
Project("{8BC9CEB8-8B4A-11D0-8D11-00A0C91BC942}") = "02.2.2  例2.2  对象信息分类统计", "02.2.2  例2.2  对象信息分类统计\02.2.2  例2.2  对象信息分类统计.vcproj", "{838E2F71-0193-454F-9737-6AB1BA98FAF5}"
EndProject
Project("{8BC9CEB8-8B4A-11D0-8D11-00A0C91BC942}") = "02.2.3  排序顺序表", "02.2.3  排序顺序表\02.2.3  排序顺序表.vcproj", "{627F48DD-A906-4EBD-943D-08D9C11CEEB0}"
EndProject
Project("{8BC9CEB8-8B4A-11D0-8D11-00A0C91BC942}") = "02.3.2  排序单链表", "02.3.2  排序单链表\02.3.2  排序单链表.vcproj", "{BD18EF87-BBE1-4B63-A2EB-2A0881B57CBD}"
EndProject
Project("{8BC9CEB8-8B4A-11D0-8D11-00A0C91BC942}") = "07.2  图G3", "07.2  图G3\07.2  图G3.vcproj", "{29E44AC4-C978-4F62-8551-179D7E1372FE}"
EndProject
Project("{8BC9CEB8-8B4A-11D0-8D11-00A0C91BC942}") = "07.2  图G4", "07.2  图G4\07.2  图G4.vcproj", "{11350841-7775-417A-B39E-96178CA978F9}"
	ProjectSection(ProjectDependencies) = postProject
		{29E44AC4-C978-4F62-8551-179D7E1372FE} = {29E44AC4-C978-4F62-8551-179D7E1372FE}
	EndProjectSection
EndProject
Project("{8BC9CEB8-8B4A-11D0-8D11-00A0C91BC942}") = "07.5.2  Floyd算法 图G5", "07.5.2  Floyd算法 图G5\07.5.2  Floyd算法 图G5.vcproj", "{B85FD640-A5E1-43FA-A60E-C206A6E22345}"
EndProject
Project("{8BC9CEB8-8B4A-11D0-8D11-00A0C91BC942}") = "08.3  分块查找 例8.1 判断C++关键字", "08.2.3  分块查找 例8.1 判断C++关键字\08.2.3  分块查找 例8.1 判断C++关键字.vcproj", "{E5FA1954-4681-462A-9512-FAF524CE0A23}"
EndProject
Project("{8BC9CEB8-8B4A-11D0-8D11-00A0C91BC942}") = "08.4  散列", "08.3  散列\08.3  散列.vcproj", "{38E98913-DFC1-4CB7-9DB2-09C9473BD020}"
EndProject
Project("{8BC9CEB8-8B4A-11D0-8D11-00A0C91BC942}") = "09  排序", "09  排序\09  排序.vcproj", "{8878F1BB-8D58-4DB5-A83E-3265CACEAD7A}"
EndProject
Project("{8BC9CEB8-8B4A-11D0-8D11-00A0C91BC942}") = "08.5.1  二叉排序树", "08.5.1  二叉排序树\08.5.1  二叉排序树.vcproj", "{57B54FC8-6A73-4968-83A9-E4B38B2E68D8}"
EndProject
Project("{8BC9CEB8-8B4A-11D0-8D11-00A0C91BC942}") = "10.1.2  动态规划法 例10.1 求组合数；例10.3 组合", "10.1.2  动态规划法 例10.1 求组合数\10.1.2  动态规划法 例10.1 求组合数.vcproj", "{8ABA835C-3B3F-4F94-9ABF-9175C7412702}"
EndProject
Project("{8BC9CEB8-8B4A-11D0-8D11-00A0C91BC942}") = "10.1.3  贪心法 4 最小堆及堆排序", "10.1.3  贪心法 4 最小堆及堆排序\10.1.3  贪心法 4 最小堆及堆排序.vcproj", "{32C5462F-4ADE-49D0-90C2-D61C3221919E}"
EndProject
Project("{8BC9CEB8-8B4A-11D0-8D11-00A0C91BC942}") = "10.1.3  贪心法 例10.2 Kruskal算法", "10.1.3  贪心法 例10.2 Kruskal算法\10.1.3  贪心法 例10.2 Kruskal算法.vcproj", "{A2085103-1CC8-4DFF-B43A-A4334ABC9B26}"
EndProject
Project("{8BC9CEB8-8B4A-11D0-8D11-00A0C91BC942}") = "10.1.4  回溯法 例10.4 八皇后", "10.1.4  回溯法 例10.4 八皇后\10.1.4  回溯法 例10.4 八皇后.vcproj", "{9EF0FA88-B701-4A34-AAF2-B7C84FDFF925}"
EndProject
Project("{8BC9CEB8-8B4A-11D0-8D11-00A0C91BC942}") = "10.1.4  回溯法 例10.5 骑士游历", "10.1.4  回溯法 例10.5 骑士游历\10.1.4  回溯法 例10.5 骑士游历.vcproj", "{E9A379DF-6781-4F0C-8D61-A077BB226C78}"
EndProject
Project("{8BC9CEB8-8B4A-11D0-8D11-00A0C91BC942}") = "06.2.5  二叉树 例6.1 构造、遍历及插入", "06.2.5  二叉树 例6.1 构造、遍历及插入\06.2.5  二叉树 例6.1 构造、遍历及插入.vcproj", "{73386BBF-71DE-43C1-95FF-ED3BAAC19AFD}"
EndProject
Project("{8BC9CEB8-8B4A-11D0-8D11-00A0C91BC942}") = "06.2.5  二叉树 例6.2 广义表表示", "06.2.5  二叉树 例6.2 广义表表示\06.2.5  二叉树 例6.2 广义表表示.vcproj", "{E1C18F76-190E-4877-B728-D0E168621F03}"
EndProject
Project("{8BC9CEB8-8B4A-11D0-8D11-00A0C91BC942}") = "06.3.2  中序线索二叉树", "06.3.2  中序线索二叉树\06.3.2  线索二叉树.vcproj", "{28C9D179-6E89-4048-96C2-8B937AA5CF8D}"
EndProject
Project("{8BC9CEB8-8B4A-11D0-8D11-00A0C91BC942}") = "06.4.2  Huffman树", "06.4.2  Huffman树\06.4.2  Huffman树.vcproj", "{CDFDF63C-5184-4DD9-95CD-9A649FC0044C}"
EndProject
Project("{8BC9CEB8-8B4A-11D0-8D11-00A0C91BC942}") = "06.5.3  树的父母孩子兄弟链表", "06.5.3  树 父母孩子兄弟三叉链表\06.5.3  树 父母孩子兄弟三叉链表.vcproj", "{D1D434C4-8EE0-4642-8844-70E6A7F3D071}"
EndProject
Project("{8BC9CEB8-8B4A-11D0-8D11-00A0C91BC942}") = "05.2.2 稀疏矩阵  例5.2 行的单链表", "05.2.2 稀疏矩阵  例5.2 行的单链表\05.2.2 稀疏矩阵 例5.2 行的单链表.vcproj", "{FF28A1C9-29CE-4BFF-A170-737D666A3BDC}"
EndProject
Project("{8BC9CEB8-8B4A-11D0-8D11-00A0C91BC942}") = "01.2.3 习1.1  复数类", "01.2.3 习1.1  复数类\01.2.3 习1.1  复数类.vcproj", "{91384F31-1330-490D-B862-679B117DE808}"
EndProject
Project("{8BC9CEB8-8B4A-11D0-8D11-00A0C91BC942}") = "02.2.2  习2.1 顺序表的浅拷贝与深拷贝", "02.2.2  习2.1 顺序表的浅拷贝与深拷贝\02.2.2  习2.1 顺序表的浅拷贝与深拷贝.vcproj", "{66501A10-2EE2-4966-9B15-4C1F17F818E5}"
EndProject
Project("{8BC9CEB8-8B4A-11D0-8D11-00A0C91BC942}") = "02.2.2  习2.1 顺序表的浅拷贝与深拷贝（5）模板参数", "02.2.2  习2.1 顺序表的浅拷贝与深拷贝（5）\02.2.2  习2.1 顺序表的浅拷贝与深拷贝（5）.vcproj", "{E661A1EB-9EDC-46D4-AD69-AACAE4B37FBB}"
EndProject
Project("{8BC9CEB8-8B4A-11D0-8D11-00A0C91BC942}") = "02.2.3  排序顺序表 习2.2 虚函数", "02.2.3  排序顺序表 虚函数\02.2.3  排序顺序表 虚函数.vcproj", "{5FA735C3-C354-4871-827E-9BE762281E74}"
EndProject
Project("{8BC9CEB8-8B4A-11D0-8D11-00A0C91BC942}") = "02.2.3  排序顺序表 习2.2（3）虚函数应用", "02.2.3  习2.2 排序顺序表 （3）虚函数应用\02.2.3  习2.2 排序顺序表 （3）虚函数应用.vcproj", "{7086FBD5-F0A1-4FC5-80D3-0744A05391B4}"
EndProject
Project("{8BC9CEB8-8B4A-11D0-8D11-00A0C91BC942}") = "02.3.2  单链表  习2.4 最大值", "02.3.2  单链表  习2.4 最大值\02.3.2  单链表  习2.4 最大值.vcproj", "{4E6173A4-0FC1-4B44-B132-7C056C9F9788}"
EndProject
Project("{8BC9CEB8-8B4A-11D0-8D11-00A0C91BC942}") = "02.3.3  3.循环双链表 习2.7 合并连接", "02.3.3  3.循环双链表  习2.7 合并连接\02.3.3  3.循环双链表 习2.7 合并连接.vcproj", "{3AB7A129-B6C0-4029-A69C-CBAF8261E639}"
EndProject
Project("{8BC9CEB8-8B4A-11D0-8D11-00A0C91BC942}") = "03.2.2  例3.1 用char指针表示字符串存在错误", "03.2.2  例3.1 使用char指针表示字符串存在错误\03.2.2  例3.1 使用char指针表示字符串存在错误.vcproj", "{129C6FA4-2D13-40B1-84CB-F55BBC29B7D9}"
EndProject
Project("{8BC9CEB8-8B4A-11D0-8D11-00A0C91BC942}") = "03.2.3  字符串类", "03.2.3  字符串类\03.2.3  字符串类.vcproj", "{96668C94-0EEA-4141-9F41-8D8523F04D38}"
EndProject
Project("{8BC9CEB8-8B4A-11D0-8D11-00A0C91BC942}") = "02.3.2  单链表  习2.5 逆转", "02.3.2  单链表  习2.5 逆转\02.3.2  单链表  习2.5 逆转.vcproj", "{ECD13311-87CD-4928-97B0-5DDC154C6484}"
EndProject
Project("{8BC9CEB8-8B4A-11D0-8D11-00A0C91BC942}") = "03.2.3  字符串类  习3.2 删除空格", "03.2.3  字符串类  习3.2 删除空格\03.2.3  字符串类  习3.2 删除空格.vcproj", "{F4E4F239-59B2-4BDA-978A-6785432EC32D}"
EndProject
Project("{8BC9CEB8-8B4A-11D0-8D11-00A0C91BC942}") = "04.4  递归 习4.1 打印数字塔", "04.4  递归 习4.1 打印数字塔\04.4  递归 习4.1 打印数字塔.vcproj", "{7A1C3120-8E8E-405E-A2B6-CFD33F35281B}"
EndProject
Project("{8BC9CEB8-8B4A-11D0-8D11-00A0C91BC942}") = "06.2.5  二叉树 实验6-3 完全二叉树", "06.2.5  二叉树 实验6-3 完全二叉树\06.2.5  二叉树 实验6-3 完全二叉树.vcproj", "{69ED0D45-C7EC-4BB5-8269-40CBB71C40E1}"
EndProject
Project("{8BC9CEB8-8B4A-11D0-8D11-00A0C91BC942}") = "06.2.5  二叉树 实验6-1", "06.2.5  二叉树 实验6-1\06.2.5  二叉树 实验6-1.vcproj", "{1279BA3B-AA5C-49E2-85B0-791D3C044F4D}"
EndProject
Project("{8BC9CEB8-8B4A-11D0-8D11-00A0C91BC942}") = "08.2  习8.1  二分法查找的递归算法", "08.2  习8.1  二分法查找的递归算法\08.2  习8.1  二分法查找的递归算法.vcproj", "{46F3A309-C88F-4012-98FE-848656A36D6E}"
EndProject
Project("{8BC9CEB8-8B4A-11D0-8D11-00A0C91BC942}") = "08.2  二分法查找", "08.2  二分法查找\08.2  二分法查找.vcproj", "{1B280AE1-89A5-4936-945B-AEDA37978FF2}"
EndProject
Global
	GlobalSection(SolutionConfigurationPlatforms) = preSolution
		Debug|Win32 = Debug|Win32
		Release|Win32 = Release|Win32
	EndGlobalSection
	GlobalSection(ProjectConfigurationPlatforms) = postSolution
		{E35D2DBC-03FB-4908-9764-A9C3295A0135}.Debug|Win32.ActiveCfg = Debug|Win32
		{E35D2DBC-03FB-4908-9764-A9C3295A0135}.Debug|Win32.Build.0 = Debug|Win32
		{E35D2DBC-03FB-4908-9764-A9C3295A0135}.Release|Win32.ActiveCfg = Release|Win32
		{E35D2DBC-03FB-4908-9764-A9C3295A0135}.Release|Win32.Build.0 = Release|Win32
		{55F30BA7-452B-4D13-AA64-ECA35E560061}.Debug|Win32.ActiveCfg = Debug|Win32
		{55F30BA7-452B-4D13-AA64-ECA35E560061}.Debug|Win32.Build.0 = Debug|Win32
		{55F30BA7-452B-4D13-AA64-ECA35E560061}.Release|Win32.ActiveCfg = Release|Win32
		{55F30BA7-452B-4D13-AA64-ECA35E560061}.Release|Win32.Build.0 = Release|Win32
		{10713FDD-4824-43C1-9EAB-A9ED6264834C}.Debug|Win32.ActiveCfg = Debug|Win32
		{10713FDD-4824-43C1-9EAB-A9ED6264834C}.Debug|Win32.Build.0 = Debug|Win32
		{10713FDD-4824-43C1-9EAB-A9ED6264834C}.Release|Win32.ActiveCfg = Release|Win32
		{10713FDD-4824-43C1-9EAB-A9ED6264834C}.Release|Win32.Build.0 = Release|Win32
		{43A60080-DCA1-49B9-9D7A-EE73DE01F3E1}.Debug|Win32.ActiveCfg = Debug|Win32
		{43A60080-DCA1-49B9-9D7A-EE73DE01F3E1}.Debug|Win32.Build.0 = Debug|Win32
		{43A60080-DCA1-49B9-9D7A-EE73DE01F3E1}.Release|Win32.ActiveCfg = Release|Win32
		{43A60080-DCA1-49B9-9D7A-EE73DE01F3E1}.Release|Win32.Build.0 = Release|Win32
		{7C0C828C-7F4E-4C79-AA80-9148C52D3BF6}.Debug|Win32.ActiveCfg = Debug|Win32
		{7C0C828C-7F4E-4C79-AA80-9148C52D3BF6}.Debug|Win32.Build.0 = Debug|Win32
		{7C0C828C-7F4E-4C79-AA80-9148C52D3BF6}.Release|Win32.ActiveCfg = Release|Win32
		{7C0C828C-7F4E-4C79-AA80-9148C52D3BF6}.Release|Win32.Build.0 = Release|Win32
		{22BCA7ED-6693-4D74-A3F0-1178FBCBC8D2}.Debug|Win32.ActiveCfg = Debug|Win32
		{22BCA7ED-6693-4D74-A3F0-1178FBCBC8D2}.Debug|Win32.Build.0 = Debug|Win32
		{22BCA7ED-6693-4D74-A3F0-1178FBCBC8D2}.Release|Win32.ActiveCfg = Release|Win32
		{22BCA7ED-6693-4D74-A3F0-1178FBCBC8D2}.Release|Win32.Build.0 = Release|Win32
		{A7E94A0A-D96A-48B4-97D1-66EA2E8A981F}.Debug|Win32.ActiveCfg = Debug|Win32
		{A7E94A0A-D96A-48B4-97D1-66EA2E8A981F}.Debug|Win32.Build.0 = Debug|Win32
		{A7E94A0A-D96A-48B4-97D1-66EA2E8A981F}.Release|Win32.ActiveCfg = Release|Win32
		{A7E94A0A-D96A-48B4-97D1-66EA2E8A981F}.Release|Win32.Build.0 = Release|Win32
		{D294070C-DAE9-483B-9207-AB4354BB9847}.Debug|Win32.ActiveCfg = Debug|Win32
		{D294070C-DAE9-483B-9207-AB4354BB9847}.Debug|Win32.Build.0 = Debug|Win32
		{D294070C-DAE9-483B-9207-AB4354BB9847}.Release|Win32.ActiveCfg = Release|Win32
		{D294070C-DAE9-483B-9207-AB4354BB9847}.Release|Win32.Build.0 = Release|Win32
		{0B8244BC-35E4-4CCD-8E46-4DEB21F3E4BD}.Debug|Win32.ActiveCfg = Debug|Win32
		{0B8244BC-35E4-4CCD-8E46-4DEB21F3E4BD}.Debug|Win32.Build.0 = Debug|Win32
		{0B8244BC-35E4-4CCD-8E46-4DEB21F3E4BD}.Release|Win32.ActiveCfg = Release|Win32
		{0B8244BC-35E4-4CCD-8E46-4DEB21F3E4BD}.Release|Win32.Build.0 = Release|Win32
		{0F86290E-2AB6-4E5C-8F8D-2868D00CC81D}.Debug|Win32.ActiveCfg = Debug|Win32
		{0F86290E-2AB6-4E5C-8F8D-2868D00CC81D}.Debug|Win32.Build.0 = Debug|Win32
		{0F86290E-2AB6-4E5C-8F8D-2868D00CC81D}.Release|Win32.ActiveCfg = Release|Win32
		{0F86290E-2AB6-4E5C-8F8D-2868D00CC81D}.Release|Win32.Build.0 = Release|Win32
		{9942CA59-68B3-4A30-A11A-692B234FBD75}.Debug|Win32.ActiveCfg = Debug|Win32
		{9942CA59-68B3-4A30-A11A-692B234FBD75}.Debug|Win32.Build.0 = Debug|Win32
		{9942CA59-68B3-4A30-A11A-692B234FBD75}.Release|Win32.ActiveCfg = Release|Win32
		{9942CA59-68B3-4A30-A11A-692B234FBD75}.Release|Win32.Build.0 = Release|Win32
		{04481914-BB5B-4E43-8A72-9F690BCE5C7C}.Debug|Win32.ActiveCfg = Debug|Win32
		{04481914-BB5B-4E43-8A72-9F690BCE5C7C}.Debug|Win32.Build.0 = Debug|Win32
		{04481914-BB5B-4E43-8A72-9F690BCE5C7C}.Release|Win32.ActiveCfg = Release|Win32
		{04481914-BB5B-4E43-8A72-9F690BCE5C7C}.Release|Win32.Build.0 = Release|Win32
		{BDDEA5E7-2E4C-4758-93D6-EF52CCDC99E7}.Debug|Win32.ActiveCfg = Debug|Win32
		{BDDEA5E7-2E4C-4758-93D6-EF52CCDC99E7}.Debug|Win32.Build.0 = Debug|Win32
		{BDDEA5E7-2E4C-4758-93D6-EF52CCDC99E7}.Release|Win32.ActiveCfg = Release|Win32
		{BDDEA5E7-2E4C-4758-93D6-EF52CCDC99E7}.Release|Win32.Build.0 = Release|Win32
		{4E6F9E32-6678-4E11-B073-900F83C42E69}.Debug|Win32.ActiveCfg = Debug|Win32
		{4E6F9E32-6678-4E11-B073-900F83C42E69}.Debug|Win32.Build.0 = Debug|Win32
		{4E6F9E32-6678-4E11-B073-900F83C42E69}.Release|Win32.ActiveCfg = Release|Win32
		{4E6F9E32-6678-4E11-B073-900F83C42E69}.Release|Win32.Build.0 = Release|Win32
		{838E2F71-0193-454F-9737-6AB1BA98FAF5}.Debug|Win32.ActiveCfg = Debug|Win32
		{838E2F71-0193-454F-9737-6AB1BA98FAF5}.Debug|Win32.Build.0 = Debug|Win32
		{838E2F71-0193-454F-9737-6AB1BA98FAF5}.Release|Win32.ActiveCfg = Release|Win32
		{838E2F71-0193-454F-9737-6AB1BA98FAF5}.Release|Win32.Build.0 = Release|Win32
		{627F48DD-A906-4EBD-943D-08D9C11CEEB0}.Debug|Win32.ActiveCfg = Debug|Win32
		{627F48DD-A906-4EBD-943D-08D9C11CEEB0}.Debug|Win32.Build.0 = Debug|Win32
		{627F48DD-A906-4EBD-943D-08D9C11CEEB0}.Release|Win32.ActiveCfg = Release|Win32
		{627F48DD-A906-4EBD-943D-08D9C11CEEB0}.Release|Win32.Build.0 = Release|Win32
		{BD18EF87-BBE1-4B63-A2EB-2A0881B57CBD}.Debug|Win32.ActiveCfg = Debug|Win32
		{BD18EF87-BBE1-4B63-A2EB-2A0881B57CBD}.Debug|Win32.Build.0 = Debug|Win32
		{BD18EF87-BBE1-4B63-A2EB-2A0881B57CBD}.Release|Win32.ActiveCfg = Release|Win32
		{BD18EF87-BBE1-4B63-A2EB-2A0881B57CBD}.Release|Win32.Build.0 = Release|Win32
		{29E44AC4-C978-4F62-8551-179D7E1372FE}.Debug|Win32.ActiveCfg = Debug|Win32
		{29E44AC4-C978-4F62-8551-179D7E1372FE}.Debug|Win32.Build.0 = Debug|Win32
		{29E44AC4-C978-4F62-8551-179D7E1372FE}.Release|Win32.ActiveCfg = Release|Win32
		{29E44AC4-C978-4F62-8551-179D7E1372FE}.Release|Win32.Build.0 = Release|Win32
		{11350841-7775-417A-B39E-96178CA978F9}.Debug|Win32.ActiveCfg = Debug|Win32
		{11350841-7775-417A-B39E-96178CA978F9}.Debug|Win32.Build.0 = Debug|Win32
		{11350841-7775-417A-B39E-96178CA978F9}.Release|Win32.ActiveCfg = Release|Win32
		{11350841-7775-417A-B39E-96178CA978F9}.Release|Win32.Build.0 = Release|Win32
		{B85FD640-A5E1-43FA-A60E-C206A6E22345}.Debug|Win32.ActiveCfg = Debug|Win32
		{B85FD640-A5E1-43FA-A60E-C206A6E22345}.Debug|Win32.Build.0 = Debug|Win32
		{B85FD640-A5E1-43FA-A60E-C206A6E22345}.Release|Win32.ActiveCfg = Release|Win32
		{B85FD640-A5E1-43FA-A60E-C206A6E22345}.Release|Win32.Build.0 = Release|Win32
		{E5FA1954-4681-462A-9512-FAF524CE0A23}.Debug|Win32.ActiveCfg = Debug|Win32
		{E5FA1954-4681-462A-9512-FAF524CE0A23}.Debug|Win32.Build.0 = Debug|Win32
		{E5FA1954-4681-462A-9512-FAF524CE0A23}.Release|Win32.ActiveCfg = Release|Win32
		{E5FA1954-4681-462A-9512-FAF524CE0A23}.Release|Win32.Build.0 = Release|Win32
		{38E98913-DFC1-4CB7-9DB2-09C9473BD020}.Debug|Win32.ActiveCfg = Debug|Win32
		{38E98913-DFC1-4CB7-9DB2-09C9473BD020}.Debug|Win32.Build.0 = Debug|Win32
		{38E98913-DFC1-4CB7-9DB2-09C9473BD020}.Release|Win32.ActiveCfg = Release|Win32
		{38E98913-DFC1-4CB7-9DB2-09C9473BD020}.Release|Win32.Build.0 = Release|Win32
		{8878F1BB-8D58-4DB5-A83E-3265CACEAD7A}.Debug|Win32.ActiveCfg = Debug|Win32
		{8878F1BB-8D58-4DB5-A83E-3265CACEAD7A}.Debug|Win32.Build.0 = Debug|Win32
		{8878F1BB-8D58-4DB5-A83E-3265CACEAD7A}.Release|Win32.ActiveCfg = Release|Win32
		{8878F1BB-8D58-4DB5-A83E-3265CACEAD7A}.Release|Win32.Build.0 = Release|Win32
		{57B54FC8-6A73-4968-83A9-E4B38B2E68D8}.Debug|Win32.ActiveCfg = Debug|Win32
		{57B54FC8-6A73-4968-83A9-E4B38B2E68D8}.Debug|Win32.Build.0 = Debug|Win32
		{57B54FC8-6A73-4968-83A9-E4B38B2E68D8}.Release|Win32.ActiveCfg = Release|Win32
		{57B54FC8-6A73-4968-83A9-E4B38B2E68D8}.Release|Win32.Build.0 = Release|Win32
		{8ABA835C-3B3F-4F94-9ABF-9175C7412702}.Debug|Win32.ActiveCfg = Debug|Win32
		{8ABA835C-3B3F-4F94-9ABF-9175C7412702}.Debug|Win32.Build.0 = Debug|Win32
		{8ABA835C-3B3F-4F94-9ABF-9175C7412702}.Release|Win32.ActiveCfg = Release|Win32
		{8ABA835C-3B3F-4F94-9ABF-9175C7412702}.Release|Win32.Build.0 = Release|Win32
		{32C5462F-4ADE-49D0-90C2-D61C3221919E}.Debug|Win32.ActiveCfg = Debug|Win32
		{32C5462F-4ADE-49D0-90C2-D61C3221919E}.Debug|Win32.Build.0 = Debug|Win32
		{32C5462F-4ADE-49D0-90C2-D61C3221919E}.Release|Win32.ActiveCfg = Release|Win32
		{32C5462F-4ADE-49D0-90C2-D61C3221919E}.Release|Win32.Build.0 = Release|Win32
		{A2085103-1CC8-4DFF-B43A-A4334ABC9B26}.Debug|Win32.ActiveCfg = Debug|Win32
		{A2085103-1CC8-4DFF-B43A-A4334ABC9B26}.Debug|Win32.Build.0 = Debug|Win32
		{A2085103-1CC8-4DFF-B43A-A4334ABC9B26}.Release|Win32.ActiveCfg = Release|Win32
		{A2085103-1CC8-4DFF-B43A-A4334ABC9B26}.Release|Win32.Build.0 = Release|Win32
		{9EF0FA88-B701-4A34-AAF2-B7C84FDFF925}.Debug|Win32.ActiveCfg = Debug|Win32
		{9EF0FA88-B701-4A34-AAF2-B7C84FDFF925}.Debug|Win32.Build.0 = Debug|Win32
		{9EF0FA88-B701-4A34-AAF2-B7C84FDFF925}.Release|Win32.ActiveCfg = Release|Win32
		{9EF0FA88-B701-4A34-AAF2-B7C84FDFF925}.Release|Win32.Build.0 = Release|Win32
		{E9A379DF-6781-4F0C-8D61-A077BB226C78}.Debug|Win32.ActiveCfg = Debug|Win32
		{E9A379DF-6781-4F0C-8D61-A077BB226C78}.Debug|Win32.Build.0 = Debug|Win32
		{E9A379DF-6781-4F0C-8D61-A077BB226C78}.Release|Win32.ActiveCfg = Release|Win32
		{E9A379DF-6781-4F0C-8D61-A077BB226C78}.Release|Win32.Build.0 = Release|Win32
		{73386BBF-71DE-43C1-95FF-ED3BAAC19AFD}.Debug|Win32.ActiveCfg = Debug|Win32
		{73386BBF-71DE-43C1-95FF-ED3BAAC19AFD}.Debug|Win32.Build.0 = Debug|Win32
		{73386BBF-71DE-43C1-95FF-ED3BAAC19AFD}.Release|Win32.ActiveCfg = Release|Win32
		{73386BBF-71DE-43C1-95FF-ED3BAAC19AFD}.Release|Win32.Build.0 = Release|Win32
		{E1C18F76-190E-4877-B728-D0E168621F03}.Debug|Win32.ActiveCfg = Debug|Win32
		{E1C18F76-190E-4877-B728-D0E168621F03}.Debug|Win32.Build.0 = Debug|Win32
		{E1C18F76-190E-4877-B728-D0E168621F03}.Release|Win32.ActiveCfg = Release|Win32
		{E1C18F76-190E-4877-B728-D0E168621F03}.Release|Win32.Build.0 = Release|Win32
		{28C9D179-6E89-4048-96C2-8B937AA5CF8D}.Debug|Win32.ActiveCfg = Debug|Win32
		{28C9D179-6E89-4048-96C2-8B937AA5CF8D}.Debug|Win32.Build.0 = Debug|Win32
		{28C9D179-6E89-4048-96C2-8B937AA5CF8D}.Release|Win32.ActiveCfg = Release|Win32
		{28C9D179-6E89-4048-96C2-8B937AA5CF8D}.Release|Win32.Build.0 = Release|Win32
		{CDFDF63C-5184-4DD9-95CD-9A649FC0044C}.Debug|Win32.ActiveCfg = Debug|Win32
		{CDFDF63C-5184-4DD9-95CD-9A649FC0044C}.Debug|Win32.Build.0 = Debug|Win32
		{CDFDF63C-5184-4DD9-95CD-9A649FC0044C}.Release|Win32.ActiveCfg = Release|Win32
		{CDFDF63C-5184-4DD9-95CD-9A649FC0044C}.Release|Win32.Build.0 = Release|Win32
		{D1D434C4-8EE0-4642-8844-70E6A7F3D071}.Debug|Win32.ActiveCfg = Debug|Win32
		{D1D434C4-8EE0-4642-8844-70E6A7F3D071}.Debug|Win32.Build.0 = Debug|Win32
		{D1D434C4-8EE0-4642-8844-70E6A7F3D071}.Release|Win32.ActiveCfg = Release|Win32
		{D1D434C4-8EE0-4642-8844-70E6A7F3D071}.Release|Win32.Build.0 = Release|Win32
		{FF28A1C9-29CE-4BFF-A170-737D666A3BDC}.Debug|Win32.ActiveCfg = Debug|Win32
		{FF28A1C9-29CE-4BFF-A170-737D666A3BDC}.Debug|Win32.Build.0 = Debug|Win32
		{FF28A1C9-29CE-4BFF-A170-737D666A3BDC}.Release|Win32.ActiveCfg = Release|Win32
		{FF28A1C9-29CE-4BFF-A170-737D666A3BDC}.Release|Win32.Build.0 = Release|Win32
		{91384F31-1330-490D-B862-679B117DE808}.Debug|Win32.ActiveCfg = Debug|Win32
		{91384F31-1330-490D-B862-679B117DE808}.Debug|Win32.Build.0 = Debug|Win32
		{91384F31-1330-490D-B862-679B117DE808}.Release|Win32.ActiveCfg = Release|Win32
		{91384F31-1330-490D-B862-679B117DE808}.Release|Win32.Build.0 = Release|Win32
		{66501A10-2EE2-4966-9B15-4C1F17F818E5}.Debug|Win32.ActiveCfg = Debug|Win32
		{66501A10-2EE2-4966-9B15-4C1F17F818E5}.Debug|Win32.Build.0 = Debug|Win32
		{66501A10-2EE2-4966-9B15-4C1F17F818E5}.Release|Win32.ActiveCfg = Release|Win32
		{66501A10-2EE2-4966-9B15-4C1F17F818E5}.Release|Win32.Build.0 = Release|Win32
		{E661A1EB-9EDC-46D4-AD69-AACAE4B37FBB}.Debug|Win32.ActiveCfg = Debug|Win32
		{E661A1EB-9EDC-46D4-AD69-AACAE4B37FBB}.Debug|Win32.Build.0 = Debug|Win32
		{E661A1EB-9EDC-46D4-AD69-AACAE4B37FBB}.Release|Win32.ActiveCfg = Release|Win32
		{E661A1EB-9EDC-46D4-AD69-AACAE4B37FBB}.Release|Win32.Build.0 = Release|Win32
		{5FA735C3-C354-4871-827E-9BE762281E74}.Debug|Win32.ActiveCfg = Debug|Win32
		{5FA735C3-C354-4871-827E-9BE762281E74}.Debug|Win32.Build.0 = Debug|Win32
		{5FA735C3-C354-4871-827E-9BE762281E74}.Release|Win32.ActiveCfg = Release|Win32
		{5FA735C3-C354-4871-827E-9BE762281E74}.Release|Win32.Build.0 = Release|Win32
		{7086FBD5-F0A1-4FC5-80D3-0744A05391B4}.Debug|Win32.ActiveCfg = Debug|Win32
		{7086FBD5-F0A1-4FC5-80D3-0744A05391B4}.Debug|Win32.Build.0 = Debug|Win32
		{7086FBD5-F0A1-4FC5-80D3-0744A05391B4}.Release|Win32.ActiveCfg = Release|Win32
		{7086FBD5-F0A1-4FC5-80D3-0744A05391B4}.Release|Win32.Build.0 = Release|Win32
		{4E6173A4-0FC1-4B44-B132-7C056C9F9788}.Debug|Win32.ActiveCfg = Debug|Win32
		{4E6173A4-0FC1-4B44-B132-7C056C9F9788}.Debug|Win32.Build.0 = Debug|Win32
		{4E6173A4-0FC1-4B44-B132-7C056C9F9788}.Release|Win32.ActiveCfg = Release|Win32
		{4E6173A4-0FC1-4B44-B132-7C056C9F9788}.Release|Win32.Build.0 = Release|Win32
		{3AB7A129-B6C0-4029-A69C-CBAF8261E639}.Debug|Win32.ActiveCfg = Debug|Win32
		{3AB7A129-B6C0-4029-A69C-CBAF8261E639}.Debug|Win32.Build.0 = Debug|Win32
		{3AB7A129-B6C0-4029-A69C-CBAF8261E639}.Release|Win32.ActiveCfg = Release|Win32
		{3AB7A129-B6C0-4029-A69C-CBAF8261E639}.Release|Win32.Build.0 = Release|Win32
		{129C6FA4-2D13-40B1-84CB-F55BBC29B7D9}.Debug|Win32.ActiveCfg = Debug|Win32
		{129C6FA4-2D13-40B1-84CB-F55BBC29B7D9}.Debug|Win32.Build.0 = Debug|Win32
		{129C6FA4-2D13-40B1-84CB-F55BBC29B7D9}.Release|Win32.ActiveCfg = Release|Win32
		{129C6FA4-2D13-40B1-84CB-F55BBC29B7D9}.Release|Win32.Build.0 = Release|Win32
		{96668C94-0EEA-4141-9F41-8D8523F04D38}.Debug|Win32.ActiveCfg = Debug|Win32
		{96668C94-0EEA-4141-9F41-8D8523F04D38}.Debug|Win32.Build.0 = Debug|Win32
		{96668C94-0EEA-4141-9F41-8D8523F04D38}.Release|Win32.ActiveCfg = Release|Win32
		{96668C94-0EEA-4141-9F41-8D8523F04D38}.Release|Win32.Build.0 = Release|Win32
		{ECD13311-87CD-4928-97B0-5DDC154C6484}.Debug|Win32.ActiveCfg = Debug|Win32
		{ECD13311-87CD-4928-97B0-5DDC154C6484}.Debug|Win32.Build.0 = Debug|Win32
		{ECD13311-87CD-4928-97B0-5DDC154C6484}.Release|Win32.ActiveCfg = Release|Win32
		{ECD13311-87CD-4928-97B0-5DDC154C6484}.Release|Win32.Build.0 = Release|Win32
		{F4E4F239-59B2-4BDA-978A-6785432EC32D}.Debug|Win32.ActiveCfg = Debug|Win32
		{F4E4F239-59B2-4BDA-978A-6785432EC32D}.Debug|Win32.Build.0 = Debug|Win32
		{F4E4F239-59B2-4BDA-978A-6785432EC32D}.Release|Win32.ActiveCfg = Release|Win32
		{F4E4F239-59B2-4BDA-978A-6785432EC32D}.Release|Win32.Build.0 = Release|Win32
		{7A1C3120-8E8E-405E-A2B6-CFD33F35281B}.Debug|Win32.ActiveCfg = Debug|Win32
		{7A1C3120-8E8E-405E-A2B6-CFD33F35281B}.Debug|Win32.Build.0 = Debug|Win32
		{7A1C3120-8E8E-405E-A2B6-CFD33F35281B}.Release|Win32.ActiveCfg = Release|Win32
		{7A1C3120-8E8E-405E-A2B6-CFD33F35281B}.Release|Win32.Build.0 = Release|Win32
		{69ED0D45-C7EC-4BB5-8269-40CBB71C40E1}.Debug|Win32.ActiveCfg = Debug|Win32
		{69ED0D45-C7EC-4BB5-8269-40CBB71C40E1}.Debug|Win32.Build.0 = Debug|Win32
		{69ED0D45-C7EC-4BB5-8269-40CBB71C40E1}.Release|Win32.ActiveCfg = Release|Win32
		{69ED0D45-C7EC-4BB5-8269-40CBB71C40E1}.Release|Win32.Build.0 = Release|Win32
		{1279BA3B-AA5C-49E2-85B0-791D3C044F4D}.Debug|Win32.ActiveCfg = Debug|Win32
		{1279BA3B-AA5C-49E2-85B0-791D3C044F4D}.Debug|Win32.Build.0 = Debug|Win32
		{1279BA3B-AA5C-49E2-85B0-791D3C044F4D}.Release|Win32.ActiveCfg = Release|Win32
		{1279BA3B-AA5C-49E2-85B0-791D3C044F4D}.Release|Win32.Build.0 = Release|Win32
		{46F3A309-C88F-4012-98FE-848656A36D6E}.Debug|Win32.ActiveCfg = Debug|Win32
		{46F3A309-C88F-4012-98FE-848656A36D6E}.Debug|Win32.Build.0 = Debug|Win32
		{46F3A309-C88F-4012-98FE-848656A36D6E}.Release|Win32.ActiveCfg = Release|Win32
		{46F3A309-C88F-4012-98FE-848656A36D6E}.Release|Win32.Build.0 = Release|Win32
		{1B280AE1-89A5-4936-945B-AEDA37978FF2}.Debug|Win32.ActiveCfg = Debug|Win32
		{1B280AE1-89A5-4936-945B-AEDA37978FF2}.Debug|Win32.Build.0 = Debug|Win32
		{1B280AE1-89A5-4936-945B-AEDA37978FF2}.Release|Win32.ActiveCfg = Release|Win32
		{1B280AE1-89A5-4936-945B-AEDA37978FF2}.Release|Win32.Build.0 = Release|Win32
	EndGlobalSection
	GlobalSection(SolutionProperties) = preSolution
		HideSolutionNode = FALSE
	EndGlobalSection
EndGlobal
